
Microsoft Visual Studio Solution File, Format Version 12.00
# Visual Studio Version 17
VisualStudioVersion = 17.0.31903.59
MinimumVisualStudioVersion = 10.0.40219.1
Project("{2150E333-8FDC-42A3-9474-1A3956D46DE8}") = "src", "src", "{AAF396DE-1E55-4CBC-9F87-0AA41738EAD6}"
EndProject
Project("{FAE04EC0-301F-11D3-BF4B-00C04F79EFBC}") = "SaveApis.Web", "src\SaveApis.Web\SaveApis.Web.csproj", "{86FBE34B-75A3-4CC6-A8ED-5F3784BC0DBD}"
EndProject
Project("{2150E333-8FDC-42A3-9474-1A3956D46DE8}") = "example", "example", "{B62BF8F5-02DF-469D-86A0-4B016BE86B18}"
EndProject
Project("{FAE04EC0-301F-11D3-BF4B-00C04F79EFBC}") = "Example", "example\Example\Example.csproj", "{88C518F5-BFD2-4DB0-A420-9E565E9EC9FC}"
EndProject
Global
	GlobalSection(SolutionConfigurationPlatforms) = preSolution
		Debug|Any CPU = Debug|Any CPU
		Release|Any CPU = Release|Any CPU
	EndGlobalSection
	GlobalSection(SolutionProperties) = preSolution
		HideSolutionNode = FALSE
	EndGlobalSection
	GlobalSection(ProjectConfigurationPlatforms) = postSolution
		{86FBE34B-75A3-4CC6-A8ED-5F3784BC0DBD}.Debug|Any CPU.ActiveCfg = Debug|Any CPU
		{86FBE34B-75A3-4CC6-A8ED-5F3784BC0DBD}.Debug|Any CPU.Build.0 = Debug|Any CPU
		{86FBE34B-75A3-4CC6-A8ED-5F3784BC0DBD}.Release|Any CPU.ActiveCfg = Release|Any CPU
		{86FBE34B-75A3-4CC6-A8ED-5F3784BC0DBD}.Release|Any CPU.Build.0 = Release|Any CPU
		{88C518F5-BFD2-4DB0-A420-9E565E9EC9FC}.Debug|Any CPU.ActiveCfg = Debug|Any CPU
		{88C518F5-BFD2-4DB0-A420-9E565E9EC9FC}.Debug|Any CPU.Build.0 = Debug|Any CPU
		{88C518F5-BFD2-4DB0-A420-9E565E9EC9FC}.Release|Any CPU.ActiveCfg = Release|Any CPU
		{88C518F5-BFD2-4DB0-A420-9E565E9EC9FC}.Release|Any CPU.Build.0 = Release|Any CPU
	EndGlobalSection
	GlobalSection(NestedProjects) = preSolution
		{86FBE34B-75A3-4CC6-A8ED-5F3784BC0DBD} = {AAF396DE-1E55-4CBC-9F87-0AA41738EAD6}
		{88C518F5-BFD2-4DB0-A420-9E565E9EC9FC} = {B62BF8F5-02DF-469D-86A0-4B016BE86B18}
	EndGlobalSection
EndGlobal
